// !$*UTF8*$!
{
	archiveVersion = 1;
	classes = {
	};
	objectVersion = 46;
	objects = {

/* Begin PBXBuildFile section */
		EBDFEA161C72F81200BAB4F9 /* AppDelegate.swift in Sources */ = {isa = PBXBuildFile; fileRef = EBDFEA151C72F81200BAB4F9 /* AppDelegate.swift */; };
		EBDFEA181C72F81200BAB4F9 /* ViewController.swift in Sources */ = {isa = PBXBuildFile; fileRef = EBDFEA171C72F81200BAB4F9 /* ViewController.swift */; };
		EBDFEA1B1C72F81200BAB4F9 /* Main.storyboard in Resources */ = {isa = PBXBuildFile; fileRef = EBDFEA191C72F81200BAB4F9 /* Main.storyboard */; };
		EBDFEA1D1C72F81200BAB4F9 /* Assets.xcassets in Resources */ = {isa = PBXBuildFile; fileRef = EBDFEA1C1C72F81200BAB4F9 /* Assets.xcassets */; };
		EBDFEA201C72F81200BAB4F9 /* LaunchScreen.storyboard in Resources */ = {isa = PBXBuildFile; fileRef = EBDFEA1E1C72F81200BAB4F9 /* LaunchScreen.storyboard */; };
		EBDFEA281C72F8A700BAB4F9 /* SARMaterialDesignSpinner.swift in Sources */ = {isa = PBXBuildFile; fileRef = EBDFEA271C72F8A700BAB4F9 /* SARMaterialDesignSpinner.swift */; };
/* End PBXBuildFile section */

/* Begin PBXFileReference section */
		EBDFEA121C72F81200BAB4F9 /* SARMaterialDesignSpinner.app */ = {isa = PBXFileReference; explicitFileType = wrapper.application; includeInIndex = 0; path = SARMaterialDesignSpinner.app; sourceTree = BUILT_PRODUCTS_DIR; };
		EBDFEA151C72F81200BAB4F9 /* AppDelegate.swift */ = {isa = PBXFileReference; lastKnownFileType = sourcecode.swift; path = AppDelegate.swift; sourceTree = "<group>"; };
		EBDFEA171C72F81200BAB4F9 /* ViewController.swift */ = {isa = PBXFileReference; lastKnownFileType = sourcecode.swift; path = ViewController.swift; sourceTree = "<group>"; };
		EBDFEA1A1C72F81200BAB4F9 /* Base */ = {isa = PBXFileReference; lastKnownFileType = file.storyboard; name = Base; path = Base.lproj/Main.storyboard; sourceTree = "<group>"; };
		EBDFEA1C1C72F81200BAB4F9 /* Assets.xcassets */ = {isa = PBXFileReference; lastKnownFileType = folder.assetcatalog; path = Assets.xcassets; sourceTree = "<group>"; };
		EBDFEA1F1C72F81200BAB4F9 /* Base */ = {isa = PBXFileReference; lastKnownFileType = file.storyboard; name = Base; path = Base.lproj/LaunchScreen.storyboard; sourceTree = "<group>"; };
		EBDFEA211C72F81200BAB4F9 /* Info.plist */ = {isa = PBXFileReference; lastKnownFileType = text.plist.xml; path = Info.plist; sourceTree = "<group>"; };
		EBDFEA271C72F8A700BAB4F9 /* SARMaterialDesignSpinner.swift */ = {isa = PBXFileReference; fileEncoding = 4; lastKnownFileType = sourcecode.swift; path = SARMaterialDesignSpinner.swift; sourceTree = "<group>"; };
/* End PBXFileReference section */

/* Begin PBXFrameworksBuildPhase section */
		EBDFEA0F1C72F81100BAB4F9 /* Frameworks */ = {
			isa = PBXFrameworksBuildPhase;
			buildActionMask = 2147483647;
			files = (
			);
			runOnlyForDeploymentPostprocessing = 0;
		};
/* End PBXFrameworksBuildPhase section */

/* Begin PBXGroup section */
		EBDFEA091C72F81100BAB4F9 = {
			isa = PBXGroup;
			children = (
				EBDFEA141C72F81200BAB4F9 /* SARMaterialDesignSpinner */,
				EBDFEA131C72F81200BAB4F9 /* Products */,
			);
			sourceTree = "<group>";
		};
		EBDFEA131C72F81200BAB4F9 /* Products */ = {
			isa = PBXGroup;
			children = (
				EBDFEA121C72F81200BAB4F9 /* SARMaterialDesignSpinner.app */,
			);
			name = Products;
			sourceTree = "<group>";
		};
		EBDFEA141C72F81200BAB4F9 /* SARMaterialDesignSpinner */ = {
			isa = PBXGroup;
			children = (
				EBDFEA151C72F81200BAB4F9 /* AppDelegate.swift */,
				EBDFEA171C72F81200BAB4F9 /* ViewController.swift */,
				EBDFEA271C72F8A700BAB4F9 /* SARMaterialDesignSpinner.swift */,
				EBDFEA191C72F81200BAB4F9 /* Main.storyboard */,
				EBDFEA1C1C72F81200BAB4F9 /* Assets.xcassets */,
				EBDFEA1E1C72F81200BAB4F9 /* LaunchScreen.storyboard */,
				EBDFEA211C72F81200BAB4F9 /* Info.plist */,
			);
			path = SARMaterialDesignSpinner;
			sourceTree = "<group>";
		};
/* End PBXGroup section */

/* Begin PBXNativeTarget section */
		EBDFEA111C72F81100BAB4F9 /* SARMaterialDesignSpinner */ = {
			isa = PBXNativeTarget;
			buildConfigurationList = EBDFEA241C72F81200BAB4F9 /* Build configuration list for PBXNativeTarget "SARMaterialDesignSpinner" */;
			buildPhases = (
				3A4B8AF01EFBAAC50082D4B9 /* Swift Lint */,
				EBDFEA0E1C72F81100BAB4F9 /* Sources */,
				EBDFEA0F1C72F81100BAB4F9 /* Frameworks */,
				EBDFEA101C72F81100BAB4F9 /* Resources */,
			);
			buildRules = (
			);
			dependencies = (
			);
			name = SARMaterialDesignSpinner;
			productName = SARMaterialDesignSpinner;
			productReference = EBDFEA121C72F81200BAB4F9 /* SARMaterialDesignSpinner.app */;
			productType = "com.apple.product-type.application";
		};
/* End PBXNativeTarget section */

/* Begin PBXProject section */
		EBDFEA0A1C72F81100BAB4F9 /* Project object */ = {
			isa = PBXProject;
			attributes = {
				LastSwiftUpdateCheck = 0720;
				LastUpgradeCheck = 0830;
				ORGANIZATIONNAME = Saravanan;
				TargetAttributes = {
					EBDFEA111C72F81100BAB4F9 = {
						CreatedOnToolsVersion = 7.2.1;
						LastSwiftMigration = 0830;
					};
				};
			};
			buildConfigurationList = EBDFEA0D1C72F81100BAB4F9 /* Build configuration list for PBXProject "SARMaterialDesignSpinner" */;
			compatibilityVersion = "Xcode 3.2";
			developmentRegion = English;
			hasScannedForEncodings = 0;
			knownRegions = (
				en,
				Base,
			);
			mainGroup = EBDFEA091C72F81100BAB4F9;
			productRefGroup = EBDFEA131C72F81200BAB4F9 /* Products */;
			projectDirPath = "";
			projectRoot = "";
			targets = (
				EBDFEA111C72F81100BAB4F9 /* SARMaterialDesignSpinner */,
			);
		};
/* End PBXProject section */

/* Begin PBXResourcesBuildPhase section */
		EBDFEA101C72F81100BAB4F9 /* Resources */ = {
			isa = PBXResourcesBuildPhase;
			buildActionMask = 2147483647;
			files = (
				EBDFEA201C72F81200BAB4F9 /* LaunchScreen.storyboard in Resources */,
				EBDFEA1D1C72F81200BAB4F9 /* Assets.xcassets in Resources */,
				EBDFEA1B1C72F81200BAB4F9 /* Main.storyboard in Resources */,
			);
			runOnlyForDeploymentPostprocessing = 0;
		};
/* End PBXResourcesBuildPhase section */

/* Begin PBXShellScriptBuildPhase section */
		3A4B8AF01EFBAAC50082D4B9 /* Swift Lint */ = {
			isa = PBXShellScriptBuildPhase;
			buildActionMask = 2147483647;
			files = (
			);
			inputPaths = (
			);
			name = "Swift Lint";
			outputPaths = (
			);
			runOnlyForDeploymentPostprocessing = 0;
			shellPath = /bin/sh;
			shellScript = "if which swiftlint >/dev/null\nthen\n  swiftlint\nelse\n  echo \"warning: SwiftLint not installed, download from https://github.com/realm/SwiftLint\"\nfi\n";
		};
/* End PBXShellScriptBuildPhase section */

/* Begin PBXSourcesBuildPhase section */
		EBDFEA0E1C72F81100BAB4F9 /* Sources */ = {
			isa = PBXSourcesBuildPhase;
			buildActionMask = 2147483647;
			files = (
				EBDFEA181C72F81200BAB4F9 /* ViewController.swift in Sources */,
				EBDFEA161C72F81200BAB4F9 /* AppDelegate.swift in Sources */,
				EBDFEA281C72F8A700BAB4F9 /* SARMaterialDesignSpinner.swift in Sources */,
			);
			runOnlyForDeploymentPostprocessing = 0;
		};
/* End PBXSourcesBuildPhase section */

/* Begin PBXVariantGroup section */
		EBDFEA191C72F81200BAB4F9 /* Main.storyboard */ = {
			isa = PBXVariantGroup;
			children = (
				EBDFEA1A1C72F81200BAB4F9 /* Base */,
			);
			name = Main.storyboard;
			sourceTree = "<group>";
		};
		EBDFEA1E1C72F81200BAB4F9 /* LaunchScreen.storyboard */ = {
			isa = PBXVariantGroup;
			children = (
				EBDFEA1F1C72F81200BAB4F9 /* Base */,
			);
			name = LaunchScreen.storyboard;
			sourceTree = "<group>";
		};
/* End PBXVariantGroup section */

/* Begin XCBuildConfiguration section */
		EBDFEA221C72F81200BAB4F9 /* Debug */ = {
			isa = XCBuildConfiguration;
			buildSettings = {
				ALWAYS_SEARCH_USER_PATHS = NO;
				CLANG_CXX_LANGUAGE_STANDARD = "gnu++0x";
				CLANG_CXX_LIBRARY = "libc++";
				CLANG_ENABLE_MODULES = YES;
				CLANG_ENABLE_OBJC_ARC = YES;
				CLANG_WARN_BOOL_CONVERSION = YES;
				CLANG_WARN_CONSTANT_CONVERSION = YES;
				CLANG_WARN_DIRECT_OBJC_ISA_USAGE = YES_ERROR;
				CLANG_WARN_EMPTY_BODY = YES;
				CLANG_WARN_ENUM_CONVERSION = YES;
				CLANG_WARN_INFINITE_RECURSION = YES;
				CLANG_WARN_INT_CONVERSION = YES;
				CLANG_WARN_OBJC_ROOT_CLASS = YES_ERROR;
				CLANG_WARN_SUSPICIOUS_MOVE = YES;
				CLANG_WARN_UNREACHABLE_CODE = YES;
				CLANG_WARN__DUPLICATE_METHOD_MATCH = YES;
				"CODE_SIGN_IDENTITY[sdk=iphoneos*]" = "iPhone Developer";
				COPY_PHASE_STRIP = NO;
				DEBUG_INFORMATION_FORMAT = dwarf;
				ENABLE_STRICT_OBJC_MSGSEND = YES;
				ENABLE_TESTABILITY = YES;
				GCC_C_LANGUAGE_STANDARD = gnu99;
				GCC_DYNAMIC_NO_PIC = NO;
				GCC_NO_COMMON_BLOCKS = YES;
				GCC_OPTIMIZATION_LEVEL = 0;
				GCC_PREPROCESSOR_DEFINITIONS = (
					"DEBUG=1",
					"$(inherited)",
				);
				GCC_WARN_64_TO_32_BIT_CONVERSION = YES;
				GCC_WARN_ABOUT_RETURN_TYPE = YES_ERROR;
				GCC_WARN_UNDECLARED_SELECTOR = YES;
				GCC_WARN_UNINITIALIZED_AUTOS = YES_AGGRESSIVE;
				GCC_WARN_UNUSED_FUNCTION = YES;
				GCC_WARN_UNUSED_VARIABLE = YES;
				IPHONEOS_DEPLOYMENT_TARGET = 9.2;
				MTL_ENABLE_DEBUG_INFO = YES;
				ONLY_ACTIVE_ARCH = YES;
				SDKROOT = iphoneos;
				SWIFT_OPTIMIZATION_LEVEL = "-Onone";
				TARGETED_DEVICE_FAMILY = "1,2";
			};
			name = Debug;
		};
		EBDFEA231C72F81200BAB4F9 /* Release */ = {
			isa = XCBuildConfiguration;
			buildSettings = {
				ALWAYS_SEARCH_USER_PATHS = NO;
				CLANG_CXX_LANGUAGE_STANDARD = "gnu++0x";
				CLANG_CXX_LIBRARY = "libc++";
				CLANG_ENABLE_MODULES = YES;
				CLANG_ENABLE_OBJC_ARC = YES;
				CLANG_WARN_BOOL_CONVERSION = YES;
				CLANG_WARN_CONSTANT_CONVERSION = YES;
				CLANG_WARN_DIRECT_OBJC_ISA_USAGE = YES_ERROR;
				CLANG_WARN_EMPTY_BODY = YES;
				CLANG_WARN_ENUM_CONVERSION = YES;
				CLANG_WARN_INFINITE_RECURSION = YES;
				CLANG_WARN_INT_CONVERSION = YES;
				CLANG_WARN_OBJC_ROOT_CLASS = YES_ERROR;
				CLANG_WARN_SUSPICIOUS_MOVE = YES;
				CLANG_WARN_UNREACHABLE_CODE = YES;
				CLANG_WARN__DUPLICATE_METHOD_MATCH = YES;
				"CODE_SIGN_IDENTITY[sdk=iphoneos*]" = "iPhone Developer";
				COPY_PHASE_STRIP = NO;
				DEBUG_INFORMATION_FORMAT = "dwarf-with-dsym";
				ENABLE_NS_ASSERTIONS = NO;
				ENABLE_STRICT_OBJC_MSGSEND = YES;
				GCC_C_LANGUAGE_STANDARD = gnu99;
				GCC_NO_COMMON_BLOCKS = YES;
				GCC_WARN_64_TO_32_BIT_CONVERSION = YES;
				GCC_WARN_ABOUT_RETURN_TYPE = YES_ERROR;
				GCC_WARN_UNDECLARED_SELECTOR = YES;
				GCC_WARN_UNINITIALIZED_AUTOS = YES_AGGRESSIVE;
				GCC_WARN_UNUSED_FUNCTION = YES;
				GCC_WARN_UNUSED_VARIABLE = YES;
				IPHONEOS_DEPLOYMENT_TARGET = 9.2;
				MTL_ENABLE_DEBUG_INFO = NO;
				SDKROOT = iphoneos;
				SWIFT_OPTIMIZATION_LEVEL = "-Owholemodule";
				TARGETED_DEVICE_FAMILY = "1,2";
				VALIDATE_PRODUCT = YES;
			};
			name = Release;
		};
		EBDFEA251C72F81200BAB4F9 /* Debug */ = {
			isa = XCBuildConfiguration;
			buildSettings = {
				ASSETCATALOG_COMPILER_APPICON_NAME = AppIcon;
				INFOPLIST_FILE = SARMaterialDesignSpinner/Info.plist;
				LD_RUNPATH_SEARCH_PATHS = "$(inherited) @executable_path/Frameworks";
				PRODUCT_BUNDLE_IDENTIFIER = saravanan.SARMaterialDesignSpinner;
				PRODUCT_NAME = "$(TARGET_NAME)";
				SWIFT_VERSION = 3.0;
			};
			name = Debug;
		};
		EBDFEA261C72F81200BAB4F9 /* Release */ = {
			isa = XCBuildConfiguration;
			buildSettings = {
				ASSETCATALOG_COMPILER_APPICON_NAME = AppIcon;
				INFOPLIST_FILE = SARMaterialDesignSpinner/Info.plist;
				LD_RUNPATH_SEARCH_PATHS = "$(inherited) @executable_path/Frameworks";
				PRODUCT_BUNDLE_IDENTIFIER = saravanan.SARMaterialDesignSpinner;
				PRODUCT_NAME = "$(TARGET_NAME)";
				SWIFT_VERSION = 3.0;
			};
			name = Release;
		};
/* End XCBuildConfiguration section */

/* Begin XCConfigurationList section */
		EBDFEA0D1C72F81100BAB4F9 /* Build configuration list for PBXProject "SARMaterialDesignSpinner" */ = {
			isa = XCConfigurationList;
			buildConfigurations = (
				EBDFEA221C72F81200BAB4F9 /* Debug */,
				EBDFEA231C72F81200BAB4F9 /* Release */,
			);
			defaultConfigurationIsVisible = 0;
			defaultConfigurationName = Release;
		};
		EBDFEA241C72F81200BAB4F9 /* Build configuration list for PBXNativeTarget "SARMaterialDesignSpinner" */ = {
			isa = XCConfigurationList;
			buildConfigurations = (
				EBDFEA251C72F81200BAB4F9 /* Debug */,
				EBDFEA261C72F81200BAB4F9 /* Release */,
			);
			defaultConfigurationIsVisible = 0;
			defaultConfigurationName = Release;
		};
/* End XCConfigurationList section */
	};
	rootObject = EBDFEA0A1C72F81100BAB4F9 /* Project object */;
}
